// !$*UTF8*$!
{
	archiveVersion = 1;
	classes = {
	};
	objectVersion = 56;
	objects = {

/* Begin PBXBuildFile section */
		4A52242E294236F100FCEE6F /* SpeechDetectiveApp.swift in Sources */ = {isa = PBXBuildFile; fileRef = 4A52242D294236F100FCEE6F /* SpeechDetectiveApp.swift */; };
		4A522432294236F600FCEE6F /* Assets.xcassets in Resources */ = {isa = PBXBuildFile; fileRef = 4A522431294236F600FCEE6F /* Assets.xcassets */; };
		4A522435294236F600FCEE6F /* Preview Assets.xcassets in Resources */ = {isa = PBXBuildFile; fileRef = 4A522434294236F600FCEE6F /* Preview Assets.xcassets */; };
		4AC59C5829423A6800D44F7B /* ComposableArchitecture in Frameworks */ = {isa = PBXBuildFile; productRef = 4AC59C5729423A6800D44F7B /* ComposableArchitecture */; };
		4AC59C5A29423A6800D44F7B /* Dependencies in Frameworks */ = {isa = PBXBuildFile; productRef = 4AC59C5929423A6800D44F7B /* Dependencies */; };
		4AC59C5E29423AE600D44F7B /* ParentAlertView.swift in Sources */ = {isa = PBXBuildFile; fileRef = 4AC59C5D29423AE600D44F7B /* ParentAlertView.swift */; };
		4AC59C6029423AEE00D44F7B /* SpeechRecognition.swift in Sources */ = {isa = PBXBuildFile; fileRef = 4AC59C5F29423AEE00D44F7B /* SpeechRecognition.swift */; };
		4AC59C6229423AFB00D44F7B /* SpeechClient.swift in Sources */ = {isa = PBXBuildFile; fileRef = 4AC59C6129423AFB00D44F7B /* SpeechClient.swift */; };
		4AC59C6429423B0400D44F7B /* TopLevelApp.swift in Sources */ = {isa = PBXBuildFile; fileRef = 4AC59C6329423B0400D44F7B /* TopLevelApp.swift */; };
		4AC59C6629423B0D00D44F7B /* Todo.swift in Sources */ = {isa = PBXBuildFile; fileRef = 4AC59C6529423B0D00D44F7B /* Todo.swift */; };
		4AC59C6829423C4100D44F7B /* ButtonStyler.swift in Sources */ = {isa = PBXBuildFile; fileRef = 4AC59C6729423C4100D44F7B /* ButtonStyler.swift */; };
/* End PBXBuildFile section */

/* Begin PBXFileReference section */
		4A52242A294236F100FCEE6F /* SpeechDetective.app */ = {isa = PBXFileReference; explicitFileType = wrapper.application; includeInIndex = 0; path = SpeechDetective.app; sourceTree = BUILT_PRODUCTS_DIR; };
		4A52242D294236F100FCEE6F /* SpeechDetectiveApp.swift */ = {isa = PBXFileReference; lastKnownFileType = sourcecode.swift; path = SpeechDetectiveApp.swift; sourceTree = "<group>"; };
		4A522431294236F600FCEE6F /* Assets.xcassets */ = {isa = PBXFileReference; lastKnownFileType = folder.assetcatalog; path = Assets.xcassets; sourceTree = "<group>"; };
		4A522434294236F600FCEE6F /* Preview Assets.xcassets */ = {isa = PBXFileReference; lastKnownFileType = folder.assetcatalog; path = "Preview Assets.xcassets"; sourceTree = "<group>"; };
		4AC59C5D29423AE600D44F7B /* ParentAlertView.swift */ = {isa = PBXFileReference; fileEncoding = 4; lastKnownFileType = sourcecode.swift; path = ParentAlertView.swift; sourceTree = "<group>"; };
		4AC59C5F29423AEE00D44F7B /* SpeechRecognition.swift */ = {isa = PBXFileReference; fileEncoding = 4; lastKnownFileType = sourcecode.swift; path = SpeechRecognition.swift; sourceTree = "<group>"; };
		4AC59C6129423AFB00D44F7B /* SpeechClient.swift */ = {isa = PBXFileReference; fileEncoding = 4; lastKnownFileType = sourcecode.swift; path = SpeechClient.swift; sourceTree = "<group>"; };
		4AC59C6329423B0400D44F7B /* TopLevelApp.swift */ = {isa = PBXFileReference; fileEncoding = 4; lastKnownFileType = sourcecode.swift; path = TopLevelApp.swift; sourceTree = "<group>"; };
		4AC59C6529423B0D00D44F7B /* Todo.swift */ = {isa = PBXFileReference; fileEncoding = 4; lastKnownFileType = sourcecode.swift; path = Todo.swift; sourceTree = "<group>"; };
		4AC59C6729423C4100D44F7B /* ButtonStyler.swift */ = {isa = PBXFileReference; fileEncoding = 4; lastKnownFileType = sourcecode.swift; path = ButtonStyler.swift; sourceTree = "<group>"; };
/* End PBXFileReference section */

/* Begin PBXFrameworksBuildPhase section */
		4A522427294236F100FCEE6F /* Frameworks */ = {
			isa = PBXFrameworksBuildPhase;
			buildActionMask = 2147483647;
			files = (
				4AC59C5829423A6800D44F7B /* ComposableArchitecture in Frameworks */,
				4AC59C5A29423A6800D44F7B /* Dependencies in Frameworks */,
			);
			runOnlyForDeploymentPostprocessing = 0;
		};
/* End PBXFrameworksBuildPhase section */

/* Begin PBXGroup section */
		4A522421294236F100FCEE6F = {
			isa = PBXGroup;
			children = (
				4A52242C294236F100FCEE6F /* SpeechDetective */,
				4A52242B294236F100FCEE6F /* Products */,
			);
			sourceTree = "<group>";
		};
		4A52242B294236F100FCEE6F /* Products */ = {
			isa = PBXGroup;
			children = (
				4A52242A294236F100FCEE6F /* SpeechDetective.app */,
			);
			name = Products;
			sourceTree = "<group>";
		};
		4A52242C294236F100FCEE6F /* SpeechDetective */ = {
			isa = PBXGroup;
			children = (
				4A52242D294236F100FCEE6F /* SpeechDetectiveApp.swift */,
				4AC59C6329423B0400D44F7B /* TopLevelApp.swift */,
				4AC59C6129423AFB00D44F7B /* SpeechClient.swift */,
				4AC59C5F29423AEE00D44F7B /* SpeechRecognition.swift */,
				4AC59C6529423B0D00D44F7B /* Todo.swift */,
				4AC59C5D29423AE600D44F7B /* ParentAlertView.swift */,
				4AC59C6729423C4100D44F7B /* ButtonStyler.swift */,
				4A522431294236F600FCEE6F /* Assets.xcassets */,
				4A522433294236F600FCEE6F /* Preview Content */,
			);
			path = SpeechDetective;
			sourceTree = "<group>";
		};
		4A522433294236F600FCEE6F /* Preview Content */ = {
			isa = PBXGroup;
			children = (
				4A522434294236F600FCEE6F /* Preview Assets.xcassets */,
			);
			path = "Preview Content";
			sourceTree = "<group>";
		};
/* End PBXGroup section */

/* Begin PBXNativeTarget section */
		4A522429294236F100FCEE6F /* SpeechDetective */ = {
			isa = PBXNativeTarget;
			buildConfigurationList = 4A522438294236F600FCEE6F /* Build configuration list for PBXNativeTarget "SpeechDetective" */;
			buildPhases = (
				4A522426294236F100FCEE6F /* Sources */,
				4A522427294236F100FCEE6F /* Frameworks */,
				4A522428294236F100FCEE6F /* Resources */,
			);
			buildRules = (
			);
			dependencies = (
			);
			name = SpeechDetective;
			packageProductDependencies = (
				4AC59C5729423A6800D44F7B /* ComposableArchitecture */,
				4AC59C5929423A6800D44F7B /* Dependencies */,
			);
			productName = SpeechDetective;
			productReference = 4A52242A294236F100FCEE6F /* SpeechDetective.app */;
			productType = "com.apple.product-type.application";
		};
/* End PBXNativeTarget section */

/* Begin PBXProject section */
		4A522422294236F100FCEE6F /* Project object */ = {
			isa = PBXProject;
			attributes = {
				BuildIndependentTargetsInParallel = 1;
				LastSwiftUpdateCheck = 1400;
				LastUpgradeCheck = 1400;
				TargetAttributes = {
					4A522429294236F100FCEE6F = {
						CreatedOnToolsVersion = 14.0.1;
					};
				};
			};
			buildConfigurationList = 4A522425294236F100FCEE6F /* Build configuration list for PBXProject "SpeechDetective" */;
			compatibilityVersion = "Xcode 14.0";
			developmentRegion = en;
			hasScannedForEncodings = 0;
			knownRegions = (
				en,
				Base,
			);
			mainGroup = 4A522421294236F100FCEE6F;
			packageReferences = (
				4AC59C5629423A6800D44F7B /* XCRemoteSwiftPackageReference "swift-composable-architecture" */,
			);
			productRefGroup = 4A52242B294236F100FCEE6F /* Products */;
			projectDirPath = "";
			projectRoot = "";
			targets = (
				4A522429294236F100FCEE6F /* SpeechDetective */,
			);
		};
/* End PBXProject section */

/* Begin PBXResourcesBuildPhase section */
		4A522428294236F100FCEE6F /* Resources */ = {
			isa = PBXResourcesBuildPhase;
			buildActionMask = 2147483647;
			files = (
				4A522435294236F600FCEE6F /* Preview Assets.xcassets in Resources */,
				4A522432294236F600FCEE6F /* Assets.xcassets in Resources */,
			);
			runOnlyForDeploymentPostprocessing = 0;
		};
/* End PBXResourcesBuildPhase section */

/* Begin PBXSourcesBuildPhase section */
		4A522426294236F100FCEE6F /* Sources */ = {
			isa = PBXSourcesBuildPhase;
			buildActionMask = 2147483647;
			files = (
				4AC59C5E29423AE600D44F7B /* ParentAlertView.swift in Sources */,
				4AC59C6229423AFB00D44F7B /* SpeechClient.swift in Sources */,
				4AC59C6629423B0D00D44F7B /* Todo.swift in Sources */,
				4AC59C6829423C4100D44F7B /* ButtonStyler.swift in Sources */,
				4AC59C6429423B0400D44F7B /* TopLevelApp.swift in Sources */,
				4A52242E294236F100FCEE6F /* SpeechDetectiveApp.swift in Sources */,
				4AC59C6029423AEE00D44F7B /* SpeechRecognition.swift in Sources */,
			);
			runOnlyForDeploymentPostprocessing = 0;
		};
/* End PBXSourcesBuildPhase section */

/* Begin XCBuildConfiguration section */
		4A522436294236F600FCEE6F /* Debug */ = {
			isa = XCBuildConfiguration;
			buildSettings = {
				ALWAYS_SEARCH_USER_PATHS = NO;
				CLANG_ANALYZER_NONNULL = YES;
				CLANG_ANALYZER_NUMBER_OBJECT_CONVERSION = YES_AGGRESSIVE;
				CLANG_CXX_LANGUAGE_STANDARD = "gnu++20";
				CLANG_ENABLE_MODULES = YES;
				CLANG_ENABLE_OBJC_ARC = YES;
				CLANG_ENABLE_OBJC_WEAK = YES;
				CLANG_WARN_BLOCK_CAPTURE_AUTORELEASING = YES;
				CLANG_WARN_BOOL_CONVERSION = YES;
				CLANG_WARN_COMMA = YES;
				CLANG_WARN_CONSTANT_CONVERSION = YES;
				CLANG_WARN_DEPRECATED_OBJC_IMPLEMENTATIONS = YES;
				CLANG_WARN_DIRECT_OBJC_ISA_USAGE = YES_ERROR;
				CLANG_WARN_DOCUMENTATION_COMMENTS = YES;
				CLANG_WARN_EMPTY_BODY = YES;
				CLANG_WARN_ENUM_CONVERSION = YES;
				CLANG_WARN_INFINITE_RECURSION = YES;
				CLANG_WARN_INT_CONVERSION = YES;
				CLANG_WARN_NON_LITERAL_NULL_CONVERSION = YES;
				CLANG_WARN_OBJC_IMPLICIT_RETAIN_SELF = YES;
				CLANG_WARN_OBJC_LITERAL_CONVERSION = YES;
				CLANG_WARN_OBJC_ROOT_CLASS = YES_ERROR;
				CLANG_WARN_QUOTED_INCLUDE_IN_FRAMEWORK_HEADER = YES;
				CLANG_WARN_RANGE_LOOP_ANALYSIS = YES;
				CLANG_WARN_STRICT_PROTOTYPES = YES;
				CLANG_WARN_SUSPICIOUS_MOVE = YES;
				CLANG_WARN_UNGUARDED_AVAILABILITY = YES_AGGRESSIVE;
				CLANG_WARN_UNREACHABLE_CODE = YES;
				CLANG_WARN__DUPLICATE_METHOD_MATCH = YES;
				COPY_PHASE_STRIP = NO;
				DEBUG_INFORMATION_FORMAT = dwarf;
				ENABLE_STRICT_OBJC_MSGSEND = YES;
				ENABLE_TESTABILITY = YES;
				GCC_C_LANGUAGE_STANDARD = gnu11;
				GCC_DYNAMIC_NO_PIC = NO;
				GCC_NO_COMMON_BLOCKS = YES;
				GCC_OPTIMIZATION_LEVEL = 0;
				GCC_PREPROCESSOR_DEFINITIONS = (
					"DEBUG=1",
					"$(inherited)",
				);
				GCC_WARN_64_TO_32_BIT_CONVERSION = YES;
				GCC_WARN_ABOUT_RETURN_TYPE = YES_ERROR;
				GCC_WARN_UNDECLARED_SELECTOR = YES;
				GCC_WARN_UNINITIALIZED_AUTOS = YES_AGGRESSIVE;
				GCC_WARN_UNUSED_FUNCTION = YES;
				GCC_WARN_UNUSED_VARIABLE = YES;
				IPHONEOS_DEPLOYMENT_TARGET = 16.0;
				MTL_ENABLE_DEBUG_INFO = INCLUDE_SOURCE;
				MTL_FAST_MATH = YES;
				ONLY_ACTIVE_ARCH = YES;
				SDKROOT = iphoneos;
				SWIFT_ACTIVE_COMPILATION_CONDITIONS = DEBUG;
				SWIFT_OPTIMIZATION_LEVEL = "-Onone";
			};
			name = Debug;
		};
		4A522437294236F600FCEE6F /* Release */ = {
			isa = XCBuildConfiguration;
			buildSettings = {
				ALWAYS_SEARCH_USER_PATHS = NO;
				CLANG_ANALYZER_NONNULL = YES;
				CLANG_ANALYZER_NUMBER_OBJECT_CONVERSION = YES_AGGRESSIVE;
				CLANG_CXX_LANGUAGE_STANDARD = "gnu++20";
				CLANG_ENABLE_MODULES = YES;
				CLANG_ENABLE_OBJC_ARC = YES;
				CLANG_ENABLE_OBJC_WEAK = YES;
				CLANG_WARN_BLOCK_CAPTURE_AUTORELEASING = YES;
				CLANG_WARN_BOOL_CONVERSION = YES;
				CLANG_WARN_COMMA = YES;
				CLANG_WARN_CONSTANT_CONVERSION = YES;
				CLANG_WARN_DEPRECATED_OBJC_IMPLEMENTATIONS = YES;
				CLANG_WARN_DIRECT_OBJC_ISA_USAGE = YES_ERROR;
				CLANG_WARN_DOCUMENTATION_COMMENTS = YES;
				CLANG_WARN_EMPTY_BODY = YES;
				CLANG_WARN_ENUM_CONVERSION = YES;
				CLANG_WARN_INFINITE_RECURSION = YES;
				CLANG_WARN_INT_CONVERSION = YES;
				CLANG_WARN_NON_LITERAL_NULL_CONVERSION = YES;
				CLANG_WARN_OBJC_IMPLICIT_RETAIN_SELF = YES;
				CLANG_WARN_OBJC_LITERAL_CONVERSION = YES;
				CLANG_WARN_OBJC_ROOT_CLASS = YES_ERROR;
				CLANG_WARN_QUOTED_INCLUDE_IN_FRAMEWORK_HEADER = YES;
				CLANG_WARN_RANGE_LOOP_ANALYSIS = YES;
				CLANG_WARN_STRICT_PROTOTYPES = YES;
				CLANG_WARN_SUSPICIOUS_MOVE = YES;
				CLANG_WARN_UNGUARDED_AVAILABILITY = YES_AGGRESSIVE;
				CLANG_WARN_UNREACHABLE_CODE = YES;
				CLANG_WARN__DUPLICATE_METHOD_MATCH = YES;
				COPY_PHASE_STRIP = NO;
				DEBUG_INFORMATION_FORMAT = "dwarf-with-dsym";
				ENABLE_NS_ASSERTIONS = NO;
				ENABLE_STRICT_OBJC_MSGSEND = YES;
				GCC_C_LANGUAGE_STANDARD = gnu11;
				GCC_NO_COMMON_BLOCKS = YES;
				GCC_WARN_64_TO_32_BIT_CONVERSION = YES;
				GCC_WARN_ABOUT_RETURN_TYPE = YES_ERROR;
				GCC_WARN_UNDECLARED_SELECTOR = YES;
				GCC_WARN_UNINITIALIZED_AUTOS = YES_AGGRESSIVE;
				GCC_WARN_UNUSED_FUNCTION = YES;
				GCC_WARN_UNUSED_VARIABLE = YES;
				IPHONEOS_DEPLOYMENT_TARGET = 16.0;
				MTL_ENABLE_DEBUG_INFO = NO;
				MTL_FAST_MATH = YES;
				SDKROOT = iphoneos;
				SWIFT_COMPILATION_MODE = wholemodule;
				SWIFT_OPTIMIZATION_LEVEL = "-O";
				VALIDATE_PRODUCT = YES;
			};
			name = Release;
		};
		4A522439294236F600FCEE6F /* Debug */ = {
			isa = XCBuildConfiguration;
			buildSettings = {
				ASSETCATALOG_COMPILER_APPICON_NAME = AppIcon;
				ASSETCATALOG_COMPILER_GLOBAL_ACCENT_COLOR_NAME = AccentColor;
				CODE_SIGN_STYLE = Automatic;
				CURRENT_PROJECT_VERSION = 1;
				DEVELOPMENT_ASSET_PATHS = "\"SpeechDetective/Preview Content\"";
				DEVELOPMENT_TEAM = Q8WPW9BZ33;
				ENABLE_PREVIEWS = YES;
				GENERATE_INFOPLIST_FILE = YES;
				INFOPLIST_KEY_NSMicrophoneUsageDescription = "Your microphone will be used to record your speech when you press the \"Start Recording\" button.";
				INFOPLIST_KEY_NSSpeechRecognitionUsageDescription = "Speech recognition will be used to determine which words you speak into the device's microphone.";
				INFOPLIST_KEY_UIApplicationSceneManifest_Generation = YES;
				INFOPLIST_KEY_UIApplicationSupportsIndirectInputEvents = YES;
				INFOPLIST_KEY_UILaunchScreen_Generation = YES;
				INFOPLIST_KEY_UISupportedInterfaceOrientations_iPad = "UIInterfaceOrientationPortrait UIInterfaceOrientationPortraitUpsideDown UIInterfaceOrientationLandscapeLeft UIInterfaceOrientationLandscapeRight";
				INFOPLIST_KEY_UISupportedInterfaceOrientations_iPhone = "UIInterfaceOrientationPortrait UIInterfaceOrientationLandscapeLeft UIInterfaceOrientationLandscapeRight";
				LD_RUNPATH_SEARCH_PATHS = (
					"$(inherited)",
					"@executable_path/Frameworks",
				);
				MARKETING_VERSION = 1.0;
				PRODUCT_BUNDLE_IDENTIFIER = com.gergusa04.SpeechDetective;
				PRODUCT_NAME = "$(TARGET_NAME)";
				SWIFT_EMIT_LOC_STRINGS = YES;
				SWIFT_VERSION = 5.0;
				TARGETED_DEVICE_FAMILY = "1,2";
			};
			name = Debug;
		};
		4A52243A294236F600FCEE6F /* Release */ = {
			isa = XCBuildConfiguration;
			buildSettings = {
				ASSETCATALOG_COMPILER_APPICON_NAME = AppIcon;
				ASSETCATALOG_COMPILER_GLOBAL_ACCENT_COLOR_NAME = AccentColor;
				CODE_SIGN_STYLE = Automatic;
				CURRENT_PROJECT_VERSION = 1;
				DEVELOPMENT_ASSET_PATHS = "\"SpeechDetective/Preview Content\"";
				DEVELOPMENT_TEAM = Q8WPW9BZ33;
				ENABLE_PREVIEWS = YES;
				GENERATE_INFOPLIST_FILE = YES;
				INFOPLIST_KEY_NSMicrophoneUsageDescription = "Your microphone will be used to record your speech when you press the \"Start Recording\" button.";
				INFOPLIST_KEY_NSSpeechRecognitionUsageDescription = "Speech recognition will be used to determine which words you speak into the device's microphone.";
				INFOPLIST_KEY_UIApplicationSceneManifest_Generation = YES;
				INFOPLIST_KEY_UIApplicationSupportsIndirectInputEvents = YES;
				INFOPLIST_KEY_UILaunchScreen_Generation = YES;
				INFOPLIST_KEY_UISupportedInterfaceOrientations_iPad = "UIInterfaceOrientationPortrait UIInterfaceOrientationPortraitUpsideDown UIInterfaceOrientationLandscapeLeft UIInterfaceOrientationLandscapeRight";
				INFOPLIST_KEY_UISupportedInterfaceOrientations_iPhone = "UIInterfaceOrientationPortrait UIInterfaceOrientationLandscapeLeft UIInterfaceOrientationLandscapeRight";
				LD_RUNPATH_SEARCH_PATHS = (
					"$(inherited)",
					"@executable_path/Frameworks",
				);
				MARKETING_VERSION = 1.0;
				PRODUCT_BUNDLE_IDENTIFIER = com.gergusa04.SpeechDetective;
				PRODUCT_NAME = "$(TARGET_NAME)";
				SWIFT_EMIT_LOC_STRINGS = YES;
				SWIFT_VERSION = 5.0;
				TARGETED_DEVICE_FAMILY = "1,2";
			};
			name = Release;
		};
/* End XCBuildConfiguration section */

/* Begin XCConfigurationList section */
		4A522425294236F100FCEE6F /* Build configuration list for PBXProject "SpeechDetective" */ = {
			isa = XCConfigurationList;
			buildConfigurations = (
				4A522436294236F600FCEE6F /* Debug */,
				4A522437294236F600FCEE6F /* Release */,
			);
			defaultConfigurationIsVisible = 0;
			defaultConfigurationName = Release;
		};
		4A522438294236F600FCEE6F /* Build configuration list for PBXNativeTarget "SpeechDetective" */ = {
			isa = XCConfigurationList;
			buildConfigurations = (
				4A522439294236F600FCEE6F /* Debug */,
				4A52243A294236F600FCEE6F /* Release */,
			);
			defaultConfigurationIsVisible = 0;
			defaultConfigurationName = Release;
		};
/* End XCConfigurationList section */

/* Begin XCRemoteSwiftPackageReference section */
		4AC59C5629423A6800D44F7B /* XCRemoteSwiftPackageReference "swift-composable-architecture" */ = {
			isa = XCRemoteSwiftPackageReference;
			repositoryURL = "https://github.com/pointfreeco/swift-composable-architecture";
			requirement = {
				branch = main;
				kind = branch;
			};
		};
/* End XCRemoteSwiftPackageReference section */

/* Begin XCSwiftPackageProductDependency section */
		4AC59C5729423A6800D44F7B /* ComposableArchitecture */ = {
			isa = XCSwiftPackageProductDependency;
			package = 4AC59C5629423A6800D44F7B /* XCRemoteSwiftPackageReference "swift-composable-architecture" */;
			productName = ComposableArchitecture;
		};
		4AC59C5929423A6800D44F7B /* Dependencies */ = {
			isa = XCSwiftPackageProductDependency;
			package = 4AC59C5629423A6800D44F7B /* XCRemoteSwiftPackageReference "swift-composable-architecture" */;
			productName = Dependencies;
		};
/* End XCSwiftPackageProductDependency section */
	};
	rootObject = 4A522422294236F100FCEE6F /* Project object */;
}
